# THIS IS AN AUTOGENERATED FILE. DO NOT EDIT THIS FILE DIRECTLY.
# yarn lockfile v1


playwright-core@1.50.1-beta-1738589118000:
  version "1.50.1-beta-1738589118000"
  resolved "https://registry.yarnpkg.com/playwright-core/-/playwright-core-1.50.1-beta-1738589118000.tgz#3022ae162dedb97a1cd44c0a257f560758cdadb7"
  integrity sha512-rrPx/gP1C5bduqZh2i7byXY3dtmN1n3XDHZWP0ad1phHsJpzdkROyEHAMxFCgIKMoX4hQ+Icb4p5/Nu9PEabjQ==

ws@^8.16.0:
  version "8.18.1"
  resolved "https://registry.yarnpkg.com/ws/-/ws-8.18.1.tgz#ea131d3784e1dfdff91adb0a4a116b127515e3cb"
  integrity sha512-RKW2aJZMXeMxVpnZ6bck+RswznaxmzdULiBr6KY7XkTnW8uvt0iT9H5DkHUChXrc+uurzwa0rVI16n/Xzjdz1w==
